{
    "name": "core",
    "version": "1.0.0",
    "lockfileVersion": 3,
    "requires": true,
    "packages": {
        "": {
            "name": "core",
            "version": "1.0.0",
            "license": "ISC",
            "dependencies": {
                "@primeuix/themes": "^1.2.5",
                "primevue": "^4.4.0",
                "quill": "2.0.2"
            },
            "devDependencies": {
                "@primevue/themes": "4.2.3",
                "@tsconfig/node20": "20.1.4",
                "@tweenjs/tween.js": "21.0.0",
                "@types/node": "20.14.5",
                "@vaultic/shared": "../core-shared",
                "chart.js": "4.4.0",
                "chartjs-plugin-zoom": "2.0.1",
                "csv-parse": "5.5.6",
                "csv-stringify": "6.5.0",
                "primevue-vaultic": "4.3.3",
                "tippy.js": "6.3.7",
                "typescript": "~5.4.0",
                "vue": "3.5",
                "vue-chartjs": "5.2.0",
                "vue-tsc": "2.2.8"
            }
        },
        "../core-shared": {
            "name": "@vaultic/shared",
            "version": "1.0.0",
            "dev": true,
            "license": "ISC",
            "dependencies": {
                "typescript": "^5.6.3"
            },
            "devDependencies": {
                "vue": "3.5"
            }
        },
        "node_modules/@babel/helper-string-parser": {
            "version": "7.25.9",
            "resolved": "https://registry.npmjs.org/@babel/helper-string-parser/-/helper-string-parser-7.25.9.tgz",
            "integrity": "sha512-4A/SCr/2KLd5jrtOMFzaKjVtAei3+2r/NChoBNoZ3EyP/+GlhoaEGoWOZUmFmoITP7zOJyHIMm+DYRd8o3PvHA==",
            "engines": {
                "node": ">=6.9.0"
            }
        },
        "node_modules/@babel/helper-validator-identifier": {
            "version": "7.25.9",
            "resolved": "https://registry.npmjs.org/@babel/helper-validator-identifier/-/helper-validator-identifier-7.25.9.tgz",
            "integrity": "sha512-Ed61U6XJc3CVRfkERJWDz4dJwKe7iLmmJsbOGu9wSloNSFttHV0I8g6UAgb7qnK5ly5bGLPd4oXZlxCdANBOWQ==",
            "engines": {
                "node": ">=6.9.0"
            }
        },
        "node_modules/@babel/parser": {
            "version": "7.26.9",
            "resolved": "https://registry.npmjs.org/@babel/parser/-/parser-7.26.9.tgz",
            "integrity": "sha512-81NWa1njQblgZbQHxWHpxxCzNsa3ZwvFqpUg7P+NNUU6f3UU2jBEg4OlF/J6rl8+PQGh1q6/zWScd001YwcA5A==",
            "dependencies": {
                "@babel/types": "^7.26.9"
            },
            "bin": {
                "parser": "bin/babel-parser.js"
            },
            "engines": {
                "node": ">=6.0.0"
            }
        },
        "node_modules/@babel/types": {
            "version": "7.26.9",
            "resolved": "https://registry.npmjs.org/@babel/types/-/types-7.26.9.tgz",
            "integrity": "sha512-Y3IR1cRnOxOCDvMmNiym7XpXQ93iGDDPHx+Zj+NM+rg0fBaShfQLkg+hKPaZCEvg5N/LeCo4+Rj/i3FuJsIQaw==",
            "dependencies": {
                "@babel/helper-string-parser": "^7.25.9",
                "@babel/helper-validator-identifier": "^7.25.9"
            },
            "engines": {
                "node": ">=6.9.0"
            }
        },
        "node_modules/@jridgewell/sourcemap-codec": {
            "version": "1.5.0",
            "resolved": "https://registry.npmjs.org/@jridgewell/sourcemap-codec/-/sourcemap-codec-1.5.0.tgz",
            "integrity": "sha512-gv3ZRaISU3fjPAgNsriBRqGWQL6quFx04YMPW/zD8XMLsU32mhCCbfbO6KZFLjvYpCZ8zyDEgqsgf+PwPaM7GQ=="
        },
        "node_modules/@kurkle/color": {
            "version": "0.3.4",
            "resolved": "https://registry.npmjs.org/@kurkle/color/-/color-0.3.4.tgz",
            "integrity": "sha512-M5UknZPHRu3DEDWoipU6sE8PdkZ6Z/S+v4dD+Ke8IaNlpdSQah50lz1KtcFBa2vsdOnwbbnxJwVM4wty6udA5w==",
            "dev": true
        },
        "node_modules/@popperjs/core": {
            "version": "2.11.8",
            "resolved": "https://registry.npmjs.org/@popperjs/core/-/core-2.11.8.tgz",
            "integrity": "sha512-P1st0aksCrn9sGZhp8GMYwBnQsbvAWsZAX44oXNNvLHGqAOcoVxmjZiohstwQ7SqKnbR47akdNi+uleWD8+g6A==",
            "dev": true,
            "funding": {
                "type": "opencollective",
                "url": "https://opencollective.com/popperjs"
            }
        },
        "node_modules/@primeuix/styled": {
            "version": "0.3.2",
            "resolved": "https://registry.npmjs.org/@primeuix/styled/-/styled-0.3.2.tgz",
            "integrity": "sha512-ColZes0+/WKqH4ob2x8DyNYf1NENpe5ZguOvx5yCLxaP8EIMVhLjWLO/3umJiDnQU4XXMLkn2mMHHw+fhTX/mw==",
            "dev": true,
            "dependencies": {
                "@primeuix/utils": "^0.3.2"
            },
            "engines": {
                "node": ">=12.11.0"
            }
        },
        "node_modules/@primeuix/styles": {
            "version": "1.2.5",
            "resolved": "https://registry.npmjs.org/@primeuix/styles/-/styles-1.2.5.tgz",
            "integrity": "sha512-nypFRct/oaaBZqP4jinT0puW8ZIfs4u+l/vqUFmJEPU332fl5ePj6DoOpQgTLzo3OfmvSmz5a5/5b4OJJmmi7Q==",
            "license": "MIT",
            "dependencies": {
                "@primeuix/styled": "^0.7.3"
            }
        },
        "node_modules/@primeuix/styles/node_modules/@primeuix/styled": {
            "version": "0.7.3",
            "resolved": "https://registry.npmjs.org/@primeuix/styled/-/styled-0.7.3.tgz",
            "integrity": "sha512-qAzefzODuYZRaEh2b2uTJCtaT+qUMAt1WPCZhYgkbLUVQ8qt7hFL5BjTsqqCaiBWZCZtDkGmKhP19SRIL6hAlQ==",
            "license": "MIT",
            "dependencies": {
                "@primeuix/utils": "^0.6.1"
            },
            "engines": {
                "node": ">=12.11.0"
            }
        },
        "node_modules/@primeuix/styles/node_modules/@primeuix/utils": {
            "version": "0.6.1",
            "resolved": "https://registry.npmjs.org/@primeuix/utils/-/utils-0.6.1.tgz",
            "integrity": "sha512-tQL/ZOPgCdD+NTimlUmhyD0ey8J1XmpZE4hDHM+/fnuBicVVmlKOd5HpS748LcOVRUKbWjmEPdHX4hi5XZoC1Q==",
            "license": "MIT",
            "engines": {
                "node": ">=12.11.0"
            }
        },
        "node_modules/@primeuix/themes": {
            "version": "1.2.5",
            "resolved": "https://registry.npmjs.org/@primeuix/themes/-/themes-1.2.5.tgz",
            "integrity": "sha512-n3YkwJrHQaEESc/D/A/iD815sxp8cKnmzscA6a8Tm8YvMtYU32eCahwLLe6h5rywghVwxASWuG36XBgISYOIjQ==",
            "license": "MIT",
            "dependencies": {
                "@primeuix/styled": "^0.7.3"
            }
        },
        "node_modules/@primeuix/themes/node_modules/@primeuix/styled": {
            "version": "0.7.3",
            "resolved": "https://registry.npmjs.org/@primeuix/styled/-/styled-0.7.3.tgz",
            "integrity": "sha512-qAzefzODuYZRaEh2b2uTJCtaT+qUMAt1WPCZhYgkbLUVQ8qt7hFL5BjTsqqCaiBWZCZtDkGmKhP19SRIL6hAlQ==",
            "license": "MIT",
            "dependencies": {
                "@primeuix/utils": "^0.6.1"
            },
            "engines": {
                "node": ">=12.11.0"
            }
        },
        "node_modules/@primeuix/themes/node_modules/@primeuix/utils": {
            "version": "0.6.1",
            "resolved": "https://registry.npmjs.org/@primeuix/utils/-/utils-0.6.1.tgz",
            "integrity": "sha512-tQL/ZOPgCdD+NTimlUmhyD0ey8J1XmpZE4hDHM+/fnuBicVVmlKOd5HpS748LcOVRUKbWjmEPdHX4hi5XZoC1Q==",
            "license": "MIT",
            "engines": {
                "node": ">=12.11.0"
            }
        },
        "node_modules/@primeuix/utils": {
            "version": "0.3.2",
            "resolved": "https://registry.npmjs.org/@primeuix/utils/-/utils-0.3.2.tgz",
            "integrity": "sha512-B+nphqTQeq+i6JuICLdVWnDMjONome2sNz0xI65qIOyeB4EF12CoKRiCsxuZ5uKAkHi/0d1LqlQ9mIWRSdkavw==",
            "dev": true,
            "engines": {
                "node": ">=12.11.0"
            }
        },
        "node_modules/@primevue/core": {
            "version": "4.3.1",
            "resolved": "https://registry.npmjs.org/@primevue/core/-/core-4.3.1.tgz",
            "integrity": "sha512-Z2JfYk7I477qdlWHH5yiqUK0cwNe5joZJLwFtSEFkmBi/ocXvkGNAYk8XYNCz6UTDePUQSHKseKJxMkFHlfRtw==",
            "dev": true,
            "dependencies": {
                "@primeuix/styled": "^0.5.0",
                "@primeuix/utils": "^0.5.1"
            },
            "engines": {
                "node": ">=12.11.0"
            },
            "peerDependencies": {
                "vue": "^3.5.0"
            }
        },
        "node_modules/@primevue/core/node_modules/@primeuix/styled": {
            "version": "0.5.1",
            "resolved": "https://registry.npmjs.org/@primeuix/styled/-/styled-0.5.1.tgz",
            "integrity": "sha512-5Ftw/KSauDPClQ8F2qCyCUF7cIUEY4yLNikf0rKV7Vsb8zGYNK0dahQe7CChaR6M2Kn+NA2DSBSk76ZXqj6Uog==",
            "dev": true,
            "dependencies": {
                "@primeuix/utils": "^0.5.3"
            },
            "engines": {
                "node": ">=12.11.0"
            }
        },
        "node_modules/@primevue/core/node_modules/@primeuix/utils": {
            "version": "0.5.3",
            "resolved": "https://registry.npmjs.org/@primeuix/utils/-/utils-0.5.3.tgz",
            "integrity": "sha512-7SGh7734wcF1/uK6RzO6Z6CBjGQ97GDHfpyl2F1G/c7R0z9hkT/V72ypDo82AWcCS7Ta07oIjDpOCTkSVZuEGQ==",
            "dev": true,
            "engines": {
                "node": ">=12.11.0"
            }
        },
        "node_modules/@primevue/icons": {
            "version": "4.3.1",
            "resolved": "https://registry.npmjs.org/@primevue/icons/-/icons-4.3.1.tgz",
            "integrity": "sha512-67GFk/NdbVDuPx4tlbO01BBWujLiZTJJJSce63dvLr7082YukPfrQq4Kru+y5Qmrfkq0uaP1I3+Ut9Skr6ATfQ==",
            "dev": true,
            "dependencies": {
                "@primeuix/utils": "^0.5.1",
                "@primevue/core": "4.3.1"
            },
            "engines": {
                "node": ">=12.11.0"
            }
        },
        "node_modules/@primevue/icons/node_modules/@primeuix/utils": {
            "version": "0.5.3",
            "resolved": "https://registry.npmjs.org/@primeuix/utils/-/utils-0.5.3.tgz",
            "integrity": "sha512-7SGh7734wcF1/uK6RzO6Z6CBjGQ97GDHfpyl2F1G/c7R0z9hkT/V72ypDo82AWcCS7Ta07oIjDpOCTkSVZuEGQ==",
            "dev": true,
            "engines": {
                "node": ">=12.11.0"
            }
        },
        "node_modules/@primevue/themes": {
            "version": "4.2.3",
            "resolved": "https://registry.npmjs.org/@primevue/themes/-/themes-4.2.3.tgz",
            "integrity": "sha512-hzHEwUWkTQihUEDmT9U3QADoAsYbA6mif6RJSR/hDTnPdXIcmr5RuZGq3pnLl943KfJTBiSp98F6LvSB8boJAw==",
            "deprecated": "This package is deprecated. Use @primeuix/themes instead.",
            "dev": true,
            "dependencies": {
                "@primeuix/styled": "^0.3.2"
            },
            "engines": {
                "node": ">=12.11.0"
            }
        },
        "node_modules/@tsconfig/node20": {
            "version": "20.1.4",
            "resolved": "https://registry.npmjs.org/@tsconfig/node20/-/node20-20.1.4.tgz",
            "integrity": "sha512-sqgsT69YFeLWf5NtJ4Xq/xAF8p4ZQHlmGW74Nu2tD4+g5fAsposc4ZfaaPixVu4y01BEiDCWLRDCvDM5JOsRxg==",
            "dev": true
        },
        "node_modules/@tweenjs/tween.js": {
            "version": "21.0.0",
            "resolved": "https://registry.npmjs.org/@tweenjs/tween.js/-/tween.js-21.0.0.tgz",
            "integrity": "sha512-qVfOiFh0U8ZSkLgA6tf7kj2MciqRbSCWaJZRwftVO7UbtVDNsZAXpWXqvCDtIefvjC83UJB+vHTDOGm5ibXjEA==",
            "dev": true
        },
        "node_modules/@types/node": {
            "version": "20.14.5",
            "resolved": "https://registry.npmjs.org/@types/node/-/node-20.14.5.tgz",
            "integrity": "sha512-aoRR+fJkZT2l0aGOJhuA8frnCSoNX6W7U2mpNq63+BxBIj5BQFt8rHy627kijCmm63ijdSdwvGgpUsU6MBsZZA==",
            "dev": true,
            "dependencies": {
                "undici-types": "~5.26.4"
            }
        },
        "node_modules/@vaultic/shared": {
            "resolved": "../core-shared",
            "link": true
        },
        "node_modules/@volar/language-core": {
            "version": "2.4.12",
            "resolved": "https://registry.npmjs.org/@volar/language-core/-/language-core-2.4.12.tgz",
            "integrity": "sha512-RLrFdXEaQBWfSnYGVxvR2WrO6Bub0unkdHYIdC31HzIEqATIuuhRRzYu76iGPZ6OtA4Au1SnW0ZwIqPP217YhA==",
            "dev": true,
            "dependencies": {
                "@volar/source-map": "2.4.12"
            }
        },
        "node_modules/@volar/source-map": {
            "version": "2.4.12",
            "resolved": "https://registry.npmjs.org/@volar/source-map/-/source-map-2.4.12.tgz",
            "integrity": "sha512-bUFIKvn2U0AWojOaqf63ER0N/iHIBYZPpNGogfLPQ68F5Eet6FnLlyho7BS0y2HJ1jFhSif7AcuTx1TqsCzRzw==",
            "dev": true
        },
        "node_modules/@volar/typescript": {
            "version": "2.4.12",
            "resolved": "https://registry.npmjs.org/@volar/typescript/-/typescript-2.4.12.tgz",
            "integrity": "sha512-HJB73OTJDgPc80K30wxi3if4fSsZZAOScbj2fcicMuOPoOkcf9NNAINb33o+DzhBdF9xTKC1gnPmIRDous5S0g==",
            "dev": true,
            "dependencies": {
                "@volar/language-core": "2.4.12",
                "path-browserify": "^1.0.1",
                "vscode-uri": "^3.0.8"
            }
        },
        "node_modules/@vue/compiler-core": {
            "version": "3.5.13",
            "resolved": "https://registry.npmjs.org/@vue/compiler-core/-/compiler-core-3.5.13.tgz",
            "integrity": "sha512-oOdAkwqUfW1WqpwSYJce06wvt6HljgY3fGeM9NcVA1HaYOij3mZG9Rkysn0OHuyUAGMbEbARIpsG+LPVlBJ5/Q==",
            "dependencies": {
                "@babel/parser": "^7.25.3",
                "@vue/shared": "3.5.13",
                "entities": "^4.5.0",
                "estree-walker": "^2.0.2",
                "source-map-js": "^1.2.0"
            }
        },
        "node_modules/@vue/compiler-dom": {
            "version": "3.5.13",
            "resolved": "https://registry.npmjs.org/@vue/compiler-dom/-/compiler-dom-3.5.13.tgz",
            "integrity": "sha512-ZOJ46sMOKUjO3e94wPdCzQ6P1Lx/vhp2RSvfaab88Ajexs0AHeV0uasYhi99WPaogmBlRHNRuly8xV75cNTMDA==",
            "dependencies": {
                "@vue/compiler-core": "3.5.13",
                "@vue/shared": "3.5.13"
            }
        },
        "node_modules/@vue/compiler-sfc": {
            "version": "3.5.13",
            "resolved": "https://registry.npmjs.org/@vue/compiler-sfc/-/compiler-sfc-3.5.13.tgz",
            "integrity": "sha512-6VdaljMpD82w6c2749Zhf5T9u5uLBWKnVue6XWxprDobftnletJ8+oel7sexFfM3qIxNmVE7LSFGTpv6obNyaQ==",
            "dependencies": {
                "@babel/parser": "^7.25.3",
                "@vue/compiler-core": "3.5.13",
                "@vue/compiler-dom": "3.5.13",
                "@vue/compiler-ssr": "3.5.13",
                "@vue/shared": "3.5.13",
                "estree-walker": "^2.0.2",
                "magic-string": "^0.30.11",
                "postcss": "^8.4.48",
                "source-map-js": "^1.2.0"
            }
        },
        "node_modules/@vue/compiler-ssr": {
            "version": "3.5.13",
            "resolved": "https://registry.npmjs.org/@vue/compiler-ssr/-/compiler-ssr-3.5.13.tgz",
            "integrity": "sha512-wMH6vrYHxQl/IybKJagqbquvxpWCuVYpoUJfCqFZwa/JY1GdATAQ+TgVtgrwwMZ0D07QhA99rs/EAAWfvG6KpA==",
            "dependencies": {
                "@vue/compiler-dom": "3.5.13",
                "@vue/shared": "3.5.13"
            }
        },
        "node_modules/@vue/compiler-vue2": {
            "version": "2.7.16",
            "resolved": "https://registry.npmjs.org/@vue/compiler-vue2/-/compiler-vue2-2.7.16.tgz",
            "integrity": "sha512-qYC3Psj9S/mfu9uVi5WvNZIzq+xnXMhOwbTFKKDD7b1lhpnn71jXSFdTQ+WsIEk0ONCd7VV2IMm7ONl6tbQ86A==",
            "dev": true,
            "dependencies": {
                "de-indent": "^1.0.2",
                "he": "^1.2.0"
            }
        },
        "node_modules/@vue/language-core": {
            "version": "2.2.8",
            "resolved": "https://registry.npmjs.org/@vue/language-core/-/language-core-2.2.8.tgz",
            "integrity": "sha512-rrzB0wPGBvcwaSNRriVWdNAbHQWSf0NlGqgKHK5mEkXpefjUlVRP62u03KvwZpvKVjRnBIQ/Lwre+Mx9N6juUQ==",
            "dev": true,
            "dependencies": {
                "@volar/language-core": "~2.4.11",
                "@vue/compiler-dom": "^3.5.0",
                "@vue/compiler-vue2": "^2.7.16",
                "@vue/shared": "^3.5.0",
                "alien-signals": "^1.0.3",
                "minimatch": "^9.0.3",
                "muggle-string": "^0.4.1",
                "path-browserify": "^1.0.1"
            },
            "peerDependencies": {
                "typescript": "*"
            },
            "peerDependenciesMeta": {
                "typescript": {
                    "optional": true
                }
            }
        },
        "node_modules/@vue/reactivity": {
            "version": "3.5.13",
            "resolved": "https://registry.npmjs.org/@vue/reactivity/-/reactivity-3.5.13.tgz",
            "integrity": "sha512-NaCwtw8o48B9I6L1zl2p41OHo/2Z4wqYGGIK1Khu5T7yxrn+ATOixn/Udn2m+6kZKB/J7cuT9DbWWhRxqixACg==",
            "dependencies": {
                "@vue/shared": "3.5.13"
            }
        },
        "node_modules/@vue/runtime-core": {
            "version": "3.5.13",
            "resolved": "https://registry.npmjs.org/@vue/runtime-core/-/runtime-core-3.5.13.tgz",
            "integrity": "sha512-Fj4YRQ3Az0WTZw1sFe+QDb0aXCerigEpw418pw1HBUKFtnQHWzwojaukAs2X/c9DQz4MQ4bsXTGlcpGxU/RCIw==",
            "dependencies": {
                "@vue/reactivity": "3.5.13",
                "@vue/shared": "3.5.13"
            }
        },
        "node_modules/@vue/runtime-dom": {
            "version": "3.5.13",
            "resolved": "https://registry.npmjs.org/@vue/runtime-dom/-/runtime-dom-3.5.13.tgz",
            "integrity": "sha512-dLaj94s93NYLqjLiyFzVs9X6dWhTdAlEAciC3Moq7gzAc13VJUdCnjjRurNM6uTLFATRHexHCTu/Xp3eW6yoog==",
            "dependencies": {
                "@vue/reactivity": "3.5.13",
                "@vue/runtime-core": "3.5.13",
                "@vue/shared": "3.5.13",
                "csstype": "^3.1.3"
            }
        },
        "node_modules/@vue/server-renderer": {
            "version": "3.5.13",
            "resolved": "https://registry.npmjs.org/@vue/server-renderer/-/server-renderer-3.5.13.tgz",
            "integrity": "sha512-wAi4IRJV/2SAW3htkTlB+dHeRmpTiVIK1OGLWV1yeStVSebSQQOwGwIq0D3ZIoBj2C2qpgz5+vX9iEBkTdk5YA==",
            "dependencies": {
                "@vue/compiler-ssr": "3.5.13",
                "@vue/shared": "3.5.13"
            },
            "peerDependencies": {
                "vue": "3.5.13"
            }
        },
        "node_modules/@vue/shared": {
            "version": "3.5.13",
            "resolved": "https://registry.npmjs.org/@vue/shared/-/shared-3.5.13.tgz",
            "integrity": "sha512-/hnE/qP5ZoGpol0a5mDi45bOd7t3tjYJBjsgCsivow7D48cJeV5l05RD82lPqi7gRiphZM37rnhW1l6ZoCNNnQ=="
        },
        "node_modules/alien-signals": {
            "version": "1.0.13",
            "resolved": "https://registry.npmjs.org/alien-signals/-/alien-signals-1.0.13.tgz",
            "integrity": "sha512-OGj9yyTnJEttvzhTUWuscOvtqxq5vrhF7vL9oS0xJ2mK0ItPYP1/y+vCFebfxoEyAz0++1AIwJ5CMr+Fk3nDmg==",
            "dev": true
        },
        "node_modules/balanced-match": {
            "version": "1.0.2",
            "resolved": "https://registry.npmjs.org/balanced-match/-/balanced-match-1.0.2.tgz",
            "integrity": "sha512-3oSeUO0TMV67hN1AmbXsK4yaqU7tjiHlbxRDZOpH0KW9+CeX4bRAaX0Anxt0tx2MrpRpWwQaPwIlISEJhYU5Pw==",
            "dev": true
        },
        "node_modules/brace-expansion": {
            "version": "2.0.1",
            "resolved": "https://registry.npmjs.org/brace-expansion/-/brace-expansion-2.0.1.tgz",
            "integrity": "sha512-XnAIvQ8eM+kC6aULx6wuQiwVsnzsi9d3WxzV3FpWTGA19F621kwdbsAcFKXgKUHZWsy+mY6iL1sHTxWEFCytDA==",
            "dev": true,
            "dependencies": {
                "balanced-match": "^1.0.0"
            }
        },
        "node_modules/chart.js": {
            "version": "4.4.0",
            "resolved": "https://registry.npmjs.org/chart.js/-/chart.js-4.4.0.tgz",
            "integrity": "sha512-vQEj6d+z0dcsKLlQvbKIMYFHd3t8W/7L2vfJIbYcfyPcRx92CsHqECpueN8qVGNlKyDcr5wBrYAYKnfu/9Q1hQ==",
            "dev": true,
            "dependencies": {
                "@kurkle/color": "^0.3.0"
            },
            "engines": {
                "pnpm": ">=7"
            }
        },
        "node_modules/chartjs-plugin-zoom": {
            "version": "2.0.1",
            "resolved": "https://registry.npmjs.org/chartjs-plugin-zoom/-/chartjs-plugin-zoom-2.0.1.tgz",
            "integrity": "sha512-ogOmLu6e+Q7E1XWOCOz9YwybMslz9qNfGV2a+qjfmqJYpsw5ZMoRHZBUyW+NGhkpQ5PwwPA/+rikHpBZb7PZuA==",
            "dev": true,
            "dependencies": {
                "hammerjs": "^2.0.8"
            },
            "peerDependencies": {
                "chart.js": ">=3.2.0"
            }
        },
        "node_modules/csstype": {
            "version": "3.1.3",
            "resolved": "https://registry.npmjs.org/csstype/-/csstype-3.1.3.tgz",
            "integrity": "sha512-M1uQkMl8rQK/szD0LNhtqxIPLpimGm8sOBwU7lLnCpSbTyY3yeU1Vc7l4KT5zT4s/yOxHH5O7tIuuLOCnLADRw=="
        },
        "node_modules/csv-parse": {
            "version": "5.5.6",
            "resolved": "https://registry.npmjs.org/csv-parse/-/csv-parse-5.5.6.tgz",
            "integrity": "sha512-uNpm30m/AGSkLxxy7d9yRXpJQFrZzVWLFBkS+6ngPcZkw/5k3L/jjFuj7tVnEpRn+QgmiXr21nDlhCiUK4ij2A==",
            "dev": true
        },
        "node_modules/csv-stringify": {
            "version": "6.5.0",
            "resolved": "https://registry.npmjs.org/csv-stringify/-/csv-stringify-6.5.0.tgz",
            "integrity": "sha512-edlXFVKcUx7r8Vx5zQucsuMg4wb/xT6qyz+Sr1vnLrdXqlLD1+UKyWNyZ9zn6mUW1ewmGxrpVwAcChGF0HQ/2Q==",
            "dev": true
        },
        "node_modules/de-indent": {
            "version": "1.0.2",
            "resolved": "https://registry.npmjs.org/de-indent/-/de-indent-1.0.2.tgz",
            "integrity": "sha512-e/1zu3xH5MQryN2zdVaF0OrdNLUbvWxzMbi+iNA6Bky7l1RoP8a2fIbRocyHclXt/arDrrR6lL3TqFD9pMQTsg==",
            "dev": true
        },
        "node_modules/entities": {
            "version": "4.5.0",
            "resolved": "https://registry.npmjs.org/entities/-/entities-4.5.0.tgz",
            "integrity": "sha512-V0hjH4dGPh9Ao5p0MoRY6BVqtwCjhz6vI5LT8AJ55H+4g9/4vbHx1I54fS0XuclLhDHArPQCiMjDxjaL8fPxhw==",
            "engines": {
                "node": ">=0.12"
            },
            "funding": {
                "url": "https://github.com/fb55/entities?sponsor=1"
            }
        },
        "node_modules/estree-walker": {
            "version": "2.0.2",
            "resolved": "https://registry.npmjs.org/estree-walker/-/estree-walker-2.0.2.tgz",
            "integrity": "sha512-Rfkk/Mp/DL7JVje3u18FxFujQlTNR2q6QfMSMB7AvCBx91NGj/ba3kCfza0f6dVDbw7YlRf/nDrn7pQrCCyQ/w=="
        },
        "node_modules/eventemitter3": {
            "version": "5.0.1",
            "resolved": "https://registry.npmjs.org/eventemitter3/-/eventemitter3-5.0.1.tgz",
            "integrity": "sha512-GWkBvjiSZK87ELrYOSESUYeVIc9mvLLf/nXalMOS5dYrgZq9o5OVkbZAVM06CVxYsCwH9BDZFPlQTlPA1j4ahA=="
        },
        "node_modules/fast-diff": {
            "version": "1.3.0",
            "resolved": "https://registry.npmjs.org/fast-diff/-/fast-diff-1.3.0.tgz",
            "integrity": "sha512-VxPP4NqbUjj6MaAOafWeUn2cXWLcCtljklUtZf0Ind4XQ+QPtmA0b18zZy0jIQx+ExRVCR/ZQpBmik5lXshNsw=="
        },
        "node_modules/hammerjs": {
            "version": "2.0.8",
            "resolved": "https://registry.npmjs.org/hammerjs/-/hammerjs-2.0.8.tgz",
            "integrity": "sha512-tSQXBXS/MWQOn/RKckawJ61vvsDpCom87JgxiYdGwHdOa0ht0vzUWDlfioofFCRU0L+6NGDt6XzbgoJvZkMeRQ==",
            "dev": true,
            "engines": {
                "node": ">=0.8.0"
            }
        },
        "node_modules/he": {
            "version": "1.2.0",
            "resolved": "https://registry.npmjs.org/he/-/he-1.2.0.tgz",
            "integrity": "sha512-F/1DnUGPopORZi0ni+CvrCgHQ5FyEAHRLSApuYWMmrbSwoN2Mn/7k+Gl38gJnR7yyDZk6WLXwiGod1JOWNDKGw==",
            "dev": true,
            "bin": {
                "he": "bin/he"
            }
        },
        "node_modules/lodash-es": {
            "version": "4.17.21",
            "resolved": "https://registry.npmjs.org/lodash-es/-/lodash-es-4.17.21.tgz",
            "integrity": "sha512-mKnC+QJ9pWVzv+C4/U3rRsHapFfHvQFoFB92e52xeyGMcX6/OlIl78je1u8vePzYZSkkogMPJ2yjxxsb89cxyw=="
        },
        "node_modules/lodash.clonedeep": {
            "version": "4.5.0",
            "resolved": "https://registry.npmjs.org/lodash.clonedeep/-/lodash.clonedeep-4.5.0.tgz",
            "integrity": "sha512-H5ZhCF25riFd9uB5UCkVKo61m3S/xZk1x4wA6yp/L3RFP6Z/eHH1ymQcGLo7J3GMPfm0V/7m1tryHuGVxpqEBQ=="
        },
        "node_modules/lodash.isequal": {
            "version": "4.5.0",
            "resolved": "https://registry.npmjs.org/lodash.isequal/-/lodash.isequal-4.5.0.tgz",
            "integrity": "sha512-pDo3lu8Jhfjqls6GkMgpahsF9kCyayhgykjyLMNFTKWrpVdAQtYyB4muAMWozBB4ig/dtWAmsMxLEI8wuz+DYQ==",
            "deprecated": "This package is deprecated. Use require('node:util').isDeepStrictEqual instead."
        },
        "node_modules/magic-string": {
            "version": "0.30.17",
            "resolved": "https://registry.npmjs.org/magic-string/-/magic-string-0.30.17.tgz",
            "integrity": "sha512-sNPKHvyjVf7gyjwS4xGTaW/mCnF8wnjtifKBEhxfZ7E/S8tQ0rssrwGNn6q8JH/ohItJfSQp9mBtQYuTlH5QnA==",
            "dependencies": {
                "@jridgewell/sourcemap-codec": "^1.5.0"
            }
        },
        "node_modules/minimatch": {
            "version": "9.0.5",
            "resolved": "https://registry.npmjs.org/minimatch/-/minimatch-9.0.5.tgz",
            "integrity": "sha512-G6T0ZX48xgozx7587koeX9Ys2NYy6Gmv//P89sEte9V9whIapMNF4idKxnW2QtCcLiTWlb/wfCabAtAFWhhBow==",
            "dev": true,
            "dependencies": {
                "brace-expansion": "^2.0.1"
            },
            "engines": {
                "node": ">=16 || 14 >=14.17"
            },
            "funding": {
                "url": "https://github.com/sponsors/isaacs"
            }
        },
        "node_modules/muggle-string": {
            "version": "0.4.1",
            "resolved": "https://registry.npmjs.org/muggle-string/-/muggle-string-0.4.1.tgz",
            "integrity": "sha512-VNTrAak/KhO2i8dqqnqnAHOa3cYBwXEZe9h+D5h/1ZqFSTEFHdM65lR7RoIqq3tBBYavsOXV84NoHXZ0AkPyqQ==",
            "dev": true
        },
        "node_modules/nanoid": {
            "version": "3.3.8",
            "resolved": "https://registry.npmjs.org/nanoid/-/nanoid-3.3.8.tgz",
            "integrity": "sha512-WNLf5Sd8oZxOm+TzppcYk8gVOgP+l58xNy58D0nbUnOxOWRWvlcCV4kUF7ltmI6PsrLl/BgKEyS4mqsGChFN0w==",
            "funding": [
                {
                    "type": "github",
                    "url": "https://github.com/sponsors/ai"
                }
            ],
            "bin": {
                "nanoid": "bin/nanoid.cjs"
            },
            "engines": {
                "node": "^10 || ^12 || ^13.7 || ^14 || >=15.0.1"
            }
        },
        "node_modules/parchment": {
            "version": "3.0.0",
            "resolved": "https://registry.npmjs.org/parchment/-/parchment-3.0.0.tgz",
            "integrity": "sha512-HUrJFQ/StvgmXRcQ1ftY6VEZUq3jA2t9ncFN4F84J/vN0/FPpQF+8FKXb3l6fLces6q0uOHj6NJn+2xvZnxO6A=="
        },
        "node_modules/path-browserify": {
            "version": "1.0.1",
            "resolved": "https://registry.npmjs.org/path-browserify/-/path-browserify-1.0.1.tgz",
            "integrity": "sha512-b7uo2UCUOYZcnF/3ID0lulOJi/bafxa1xPe7ZPsammBSpjSWQkjNxlt635YGS2MiR9GjvuXCtz2emr3jbsz98g==",
            "dev": true
        },
        "node_modules/picocolors": {
            "version": "1.1.1",
            "resolved": "https://registry.npmjs.org/picocolors/-/picocolors-1.1.1.tgz",
            "integrity": "sha512-xceH2snhtb5M9liqDsmEw56le376mTZkEX/jEb/RxNFyegNul7eNslCXP9FDj/Lcu0X8KEyMceP2ntpaHrDEVA=="
        },
        "node_modules/postcss": {
            "version": "8.5.3",
            "resolved": "https://registry.npmjs.org/postcss/-/postcss-8.5.3.tgz",
            "integrity": "sha512-dle9A3yYxlBSrt8Fu+IpjGT8SY8hN0mlaA6GY8t0P5PjIOZemULz/E2Bnm/2dcUOena75OTNkHI76uZBNUUq3A==",
            "funding": [
                {
                    "type": "opencollective",
                    "url": "https://opencollective.com/postcss/"
                },
                {
                    "type": "tidelift",
                    "url": "https://tidelift.com/funding/github/npm/postcss"
                },
                {
                    "type": "github",
                    "url": "https://github.com/sponsors/ai"
                }
            ],
            "dependencies": {
                "nanoid": "^3.3.8",
                "picocolors": "^1.1.1",
                "source-map-js": "^1.2.1"
            },
            "engines": {
                "node": "^10 || ^12 || >=14"
            }
        },
        "node_modules/primevue": {
            "version": "4.4.0",
            "resolved": "https://registry.npmjs.org/primevue/-/primevue-4.4.0.tgz",
            "integrity": "sha512-SscTQg1UxFzUCOk058pv9kVjLsC/RSIxltxKGrHIOJzDOaqr9BfxPSxjo/ipecZx1hB10k+jzGApG0iWL84zsg==",
            "license": "MIT",
            "dependencies": {
                "@primeuix/styled": "^0.7.3",
                "@primeuix/styles": "^1.2.5",
                "@primeuix/utils": "^0.6.1",
                "@primevue/core": "4.4.0",
                "@primevue/icons": "4.4.0"
            },
            "engines": {
                "node": ">=12.11.0"
            }
        },
        "node_modules/primevue-vaultic": {
            "version": "4.3.3",
            "resolved": "https://registry.npmjs.org/primevue-vaultic/-/primevue-vaultic-4.3.3.tgz",
            "integrity": "sha512-TSe+ai1nu3G2dEgYLxCqRBbMH8KNTHIYgiRE1l78NWJif0DqZH/mSqaySFZ9HzDjGO2vsRicN4PuAwn7OBNhVw==",
            "dev": true,
            "dependencies": {
                "@primeuix/styled": "^0.5.0",
                "@primeuix/styles": "^1.0.0",
                "@primeuix/utils": "^0.5.1",
                "@primevue/core": "4.3.1",
                "@primevue/icons": "4.3.1"
            },
            "engines": {
                "node": ">=12.11.0"
            }
        },
        "node_modules/primevue-vaultic/node_modules/@primeuix/styled": {
            "version": "0.5.1",
            "resolved": "https://registry.npmjs.org/@primeuix/styled/-/styled-0.5.1.tgz",
            "integrity": "sha512-5Ftw/KSauDPClQ8F2qCyCUF7cIUEY4yLNikf0rKV7Vsb8zGYNK0dahQe7CChaR6M2Kn+NA2DSBSk76ZXqj6Uog==",
            "dev": true,
            "dependencies": {
                "@primeuix/utils": "^0.5.3"
            },
            "engines": {
                "node": ">=12.11.0"
            }
        },
        "node_modules/primevue-vaultic/node_modules/@primeuix/utils": {
            "version": "0.5.3",
            "resolved": "https://registry.npmjs.org/@primeuix/utils/-/utils-0.5.3.tgz",
            "integrity": "sha512-7SGh7734wcF1/uK6RzO6Z6CBjGQ97GDHfpyl2F1G/c7R0z9hkT/V72ypDo82AWcCS7Ta07oIjDpOCTkSVZuEGQ==",
            "dev": true,
            "engines": {
                "node": ">=12.11.0"
            }
        },
        "node_modules/primevue/node_modules/@primeuix/styled": {
            "version": "0.7.3",
            "resolved": "https://registry.npmjs.org/@primeuix/styled/-/styled-0.7.3.tgz",
            "integrity": "sha512-qAzefzODuYZRaEh2b2uTJCtaT+qUMAt1WPCZhYgkbLUVQ8qt7hFL5BjTsqqCaiBWZCZtDkGmKhP19SRIL6hAlQ==",
            "license": "MIT",
            "dependencies": {
                "@primeuix/utils": "^0.6.1"
            },
            "engines": {
                "node": ">=12.11.0"
            }
        },
        "node_modules/primevue/node_modules/@primeuix/utils": {
            "version": "0.6.1",
            "resolved": "https://registry.npmjs.org/@primeuix/utils/-/utils-0.6.1.tgz",
            "integrity": "sha512-tQL/ZOPgCdD+NTimlUmhyD0ey8J1XmpZE4hDHM+/fnuBicVVmlKOd5HpS748LcOVRUKbWjmEPdHX4hi5XZoC1Q==",
            "license": "MIT",
            "engines": {
                "node": ">=12.11.0"
            }
        },
        "node_modules/primevue/node_modules/@primevue/core": {
            "version": "4.4.0",
            "resolved": "https://registry.npmjs.org/@primevue/core/-/core-4.4.0.tgz",
            "integrity": "sha512-ZlPupIFdsyP8uaSMl+FlqKR9IJriJm2dzH4bPyTt0E50Y4EQF2eZR2nKrwrCkLQYKHAngiCQey0RTLOEu+4QoA==",
            "license": "MIT",
            "dependencies": {
                "@primeuix/styled": "^0.7.3",
                "@primeuix/utils": "^0.6.1"
            },
            "engines": {
                "node": ">=12.11.0"
            },
            "peerDependencies": {
                "vue": "^3.5.0"
            }
        },
        "node_modules/primevue/node_modules/@primevue/icons": {
            "version": "4.4.0",
            "resolved": "https://registry.npmjs.org/@primevue/icons/-/icons-4.4.0.tgz",
            "integrity": "sha512-BDi9dACZIDopfepaRAuAfNwTVN0w+ZZVFu6RsnOQyrJM7FOJc9rs35Ig1MAyyknuINhPjLJ6lzOGGVycFQVb+w==",
            "license": "MIT",
            "dependencies": {
                "@primeuix/utils": "^0.6.1",
                "@primevue/core": "4.4.0"
            },
            "engines": {
                "node": ">=12.11.0"
            }
        },
        "node_modules/quill": {
            "version": "2.0.2",
            "resolved": "https://registry.npmjs.org/quill/-/quill-2.0.2.tgz",
            "integrity": "sha512-QfazNrhMakEdRG57IoYFwffUIr04LWJxbS/ZkidRFXYCQt63c1gK6Z7IHUXMx/Vh25WgPBU42oBaNzQ0K1R/xw==",
            "dependencies": {
                "eventemitter3": "^5.0.1",
                "lodash-es": "^4.17.21",
                "parchment": "^3.0.0",
                "quill-delta": "^5.1.0"
            },
            "engines": {
                "npm": ">=8.2.3"
            }
        },
        "node_modules/quill-delta": {
            "version": "5.1.0",
            "resolved": "https://registry.npmjs.org/quill-delta/-/quill-delta-5.1.0.tgz",
            "integrity": "sha512-X74oCeRI4/p0ucjb5Ma8adTXd9Scumz367kkMK5V/IatcX6A0vlgLgKbzXWy5nZmCGeNJm2oQX0d2Eqj+ZIlCA==",
            "dependencies": {
                "fast-diff": "^1.3.0",
                "lodash.clonedeep": "^4.5.0",
                "lodash.isequal": "^4.5.0"
            },
            "engines": {
                "node": ">= 12.0.0"
            }
        },
        "node_modules/source-map-js": {
            "version": "1.2.1",
            "resolved": "https://registry.npmjs.org/source-map-js/-/source-map-js-1.2.1.tgz",
            "integrity": "sha512-UXWMKhLOwVKb728IUtQPXxfYU+usdybtUrK/8uGE8CQMvrhOpwvzDBwj0QhSL7MQc7vIsISBG8VQ8+IDQxpfQA==",
            "engines": {
                "node": ">=0.10.0"
            }
        },
        "node_modules/tippy.js": {
            "version": "6.3.7",
            "resolved": "https://registry.npmjs.org/tippy.js/-/tippy.js-6.3.7.tgz",
            "integrity": "sha512-E1d3oP2emgJ9dRQZdf3Kkn0qJgI6ZLpyS5z6ZkY1DF3kaQaBsGZsndEpHwx+eC+tYM41HaSNvNtLx8tU57FzTQ==",
            "dev": true,
            "dependencies": {
                "@popperjs/core": "^2.9.0"
            }
        },
        "node_modules/typescript": {
            "version": "5.4.5",
            "resolved": "https://registry.npmjs.org/typescript/-/typescript-5.4.5.tgz",
            "integrity": "sha512-vcI4UpRgg81oIRUFwR0WSIHKt11nJ7SAVlYNIu+QpqeyXP+gpQJy/Z4+F0aGxSE4MqwjyXvW/TzgkLAx2AGHwQ==",
            "devOptional": true,
            "bin": {
                "tsc": "bin/tsc",
                "tsserver": "bin/tsserver"
            },
            "engines": {
                "node": ">=14.17"
            }
        },
        "node_modules/undici-types": {
            "version": "5.26.5",
            "resolved": "https://registry.npmjs.org/undici-types/-/undici-types-5.26.5.tgz",
            "integrity": "sha512-JlCMO+ehdEIKqlFxk6IfVoAUVmgz7cU7zD/h9XZ0qzeosSHmUJVOzSQvvYSYWXkFXC+IfLKSIffhv0sVZup6pA==",
            "dev": true
        },
        "node_modules/vscode-uri": {
            "version": "3.1.0",
            "resolved": "https://registry.npmjs.org/vscode-uri/-/vscode-uri-3.1.0.tgz",
            "integrity": "sha512-/BpdSx+yCQGnCvecbyXdxHDkuk55/G3xwnC0GqY4gmQ3j+A+g8kzzgB4Nk/SINjqn6+waqw3EgbVF2QKExkRxQ==",
            "dev": true
        },
        "node_modules/vue": {
            "version": "3.5.13",
            "resolved": "https://registry.npmjs.org/vue/-/vue-3.5.13.tgz",
            "integrity": "sha512-wmeiSMxkZCSc+PM2w2VRsOYAZC8GdipNFRTsLSfodVqI9mbejKeXEGr8SckuLnrQPGe3oJN5c3K0vpoU9q/wCQ==",
            "dependencies": {
                "@vue/compiler-dom": "3.5.13",
                "@vue/compiler-sfc": "3.5.13",
                "@vue/runtime-dom": "3.5.13",
                "@vue/server-renderer": "3.5.13",
                "@vue/shared": "3.5.13"
            },
            "peerDependencies": {
                "typescript": "*"
            },
            "peerDependenciesMeta": {
                "typescript": {
                    "optional": true
                }
            }
        },
        "node_modules/vue-chartjs": {
            "version": "5.2.0",
            "resolved": "https://registry.npmjs.org/vue-chartjs/-/vue-chartjs-5.2.0.tgz",
            "integrity": "sha512-d3zpKmGZr2OWHQ1xmxBcAn5ShTG917+/UCLaSpaCDDqT0U7DBsvFzTs69ZnHCgKoXT55GZDW8YEj9Av+dlONLA==",
            "dev": true,
            "peerDependencies": {
                "chart.js": "^4.1.1",
                "vue": "^3.0.0-0 || ^2.7.0"
            }
        },
        "node_modules/vue-tsc": {
            "version": "2.2.8",
            "resolved": "https://registry.npmjs.org/vue-tsc/-/vue-tsc-2.2.8.tgz",
            "integrity": "sha512-jBYKBNFADTN+L+MdesNX/TB3XuDSyaWynKMDgR+yCSln0GQ9Tfb7JS2lr46s2LiFUT1WsmfWsSvIElyxzOPqcQ==",
            "dev": true,
            "dependencies": {
                "@volar/typescript": "~2.4.11",
                "@vue/language-core": "2.2.8"
            },
            "bin": {
                "vue-tsc": "bin/vue-tsc.js"
            },
            "peerDependencies": {
                "typescript": ">=5.0.0"
            }
        }
    }
}
